// !$*UTF8*$!
{
	archiveVersion = 1;
	classes = {
	};
	objectVersion = 52;
	objects = {

/* Begin PBXBuildFile section */
		D0212C9424A91DC80040DC16 /* Car.swift in Sources */ = {isa = PBXBuildFile; fileRef = D0212C9324A91DC80040DC16 /* Car.swift */; };
		D0212C9624A91E380040DC16 /* CarStore.swift in Sources */ = {isa = PBXBuildFile; fileRef = D0212C9524A91E380040DC16 /* CarStore.swift */; };
		D0212C9824A91ECD0040DC16 /* CarsAPIRepository.swift in Sources */ = {isa = PBXBuildFile; fileRef = D0212C9724A91ECD0040DC16 /* CarsAPIRepository.swift */; };
		D0212C9B24A920090040DC16 /* CarMapperReducer.swift in Sources */ = {isa = PBXBuildFile; fileRef = D0212C9A24A920090040DC16 /* CarMapperReducer.swift */; };
		D0212C9E24A9227F0040DC16 /* AppState.swift in Sources */ = {isa = PBXBuildFile; fileRef = D0212C9D24A9227F0040DC16 /* AppState.swift */; };
		D0212CA124A9235B0040DC16 /* CarsInteractor.swift in Sources */ = {isa = PBXBuildFile; fileRef = D0212CA024A9235B0040DC16 /* CarsInteractor.swift */; };
		D0212CA424A923CE0040DC16 /* CarsWorker.swift in Sources */ = {isa = PBXBuildFile; fileRef = D0212CA324A923CE0040DC16 /* CarsWorker.swift */; };
		D0212CA824A926630040DC16 /* CarsListView.swift in Sources */ = {isa = PBXBuildFile; fileRef = D0212CA724A926630040DC16 /* CarsListView.swift */; };
		D0212CAA24A927080040DC16 /* CarRowView.swift in Sources */ = {isa = PBXBuildFile; fileRef = D0212CA924A927080040DC16 /* CarRowView.swift */; };
		D0212CAD24A929240040DC16 /* ImageLoader.swift in Sources */ = {isa = PBXBuildFile; fileRef = D0212CAC24A929240040DC16 /* ImageLoader.swift */; };
		D038F83924A7D75000AC85D3 /* BigRecipesApp.swift in Sources */ = {isa = PBXBuildFile; fileRef = D038F83824A7D75000AC85D3 /* BigRecipesApp.swift */; };
		D038F83B24A7D75000AC85D3 /* ContentView.swift in Sources */ = {isa = PBXBuildFile; fileRef = D038F83A24A7D75000AC85D3 /* ContentView.swift */; };
		D038F83D24A7D75100AC85D3 /* Assets.xcassets in Resources */ = {isa = PBXBuildFile; fileRef = D038F83C24A7D75100AC85D3 /* Assets.xcassets */; };
		D038F84024A7D75100AC85D3 /* Preview Assets.xcassets in Resources */ = {isa = PBXBuildFile; fileRef = D038F83F24A7D75100AC85D3 /* Preview Assets.xcassets */; };
		D038F84924A7DA1800AC85D3 /* Alamofire in Frameworks */ = {isa = PBXBuildFile; productRef = D038F84824A7DA1800AC85D3 /* Alamofire */; };
		D0A9925E24A98C9C00BBF830 /* CarsValidateImageReducer.swift in Sources */ = {isa = PBXBuildFile; fileRef = D0A9925D24A98C9C00BBF830 /* CarsValidateImageReducer.swift */; };
/* End PBXBuildFile section */

/* Begin PBXFileReference section */
		D0212C9324A91DC80040DC16 /* Car.swift */ = {isa = PBXFileReference; lastKnownFileType = sourcecode.swift; path = Car.swift; sourceTree = "<group>"; };
		D0212C9524A91E380040DC16 /* CarStore.swift */ = {isa = PBXFileReference; lastKnownFileType = sourcecode.swift; path = CarStore.swift; sourceTree = "<group>"; };
		D0212C9724A91ECD0040DC16 /* CarsAPIRepository.swift */ = {isa = PBXFileReference; lastKnownFileType = sourcecode.swift; path = CarsAPIRepository.swift; sourceTree = "<group>"; };
		D0212C9A24A920090040DC16 /* CarMapperReducer.swift */ = {isa = PBXFileReference; lastKnownFileType = sourcecode.swift; path = CarMapperReducer.swift; sourceTree = "<group>"; };
		D0212C9D24A9227F0040DC16 /* AppState.swift */ = {isa = PBXFileReference; lastKnownFileType = sourcecode.swift; path = AppState.swift; sourceTree = "<group>"; };
		D0212CA024A9235B0040DC16 /* CarsInteractor.swift */ = {isa = PBXFileReference; lastKnownFileType = sourcecode.swift; path = CarsInteractor.swift; sourceTree = "<group>"; };
		D0212CA324A923CE0040DC16 /* CarsWorker.swift */ = {isa = PBXFileReference; lastKnownFileType = sourcecode.swift; path = CarsWorker.swift; sourceTree = "<group>"; };
		D0212CA724A926630040DC16 /* CarsListView.swift */ = {isa = PBXFileReference; lastKnownFileType = sourcecode.swift; path = CarsListView.swift; sourceTree = "<group>"; };
		D0212CA924A927080040DC16 /* CarRowView.swift */ = {isa = PBXFileReference; lastKnownFileType = sourcecode.swift; path = CarRowView.swift; sourceTree = "<group>"; };
		D0212CAC24A929240040DC16 /* ImageLoader.swift */ = {isa = PBXFileReference; lastKnownFileType = sourcecode.swift; path = ImageLoader.swift; sourceTree = "<group>"; };
		D038F83524A7D75000AC85D3 /* BigRecipes.app */ = {isa = PBXFileReference; explicitFileType = wrapper.application; includeInIndex = 0; path = BigRecipes.app; sourceTree = BUILT_PRODUCTS_DIR; };
		D038F83824A7D75000AC85D3 /* BigRecipesApp.swift */ = {isa = PBXFileReference; lastKnownFileType = sourcecode.swift; path = BigRecipesApp.swift; sourceTree = "<group>"; };
		D038F83A24A7D75000AC85D3 /* ContentView.swift */ = {isa = PBXFileReference; lastKnownFileType = sourcecode.swift; path = ContentView.swift; sourceTree = "<group>"; };
		D038F83C24A7D75100AC85D3 /* Assets.xcassets */ = {isa = PBXFileReference; lastKnownFileType = folder.assetcatalog; path = Assets.xcassets; sourceTree = "<group>"; };
		D038F83F24A7D75100AC85D3 /* Preview Assets.xcassets */ = {isa = PBXFileReference; lastKnownFileType = folder.assetcatalog; path = "Preview Assets.xcassets"; sourceTree = "<group>"; };
		D038F84124A7D75100AC85D3 /* Info.plist */ = {isa = PBXFileReference; lastKnownFileType = text.plist.xml; path = Info.plist; sourceTree = "<group>"; };
		D0A9925D24A98C9C00BBF830 /* CarsValidateImageReducer.swift */ = {isa = PBXFileReference; lastKnownFileType = sourcecode.swift; path = CarsValidateImageReducer.swift; sourceTree = "<group>"; };
/* End PBXFileReference section */

/* Begin PBXFrameworksBuildPhase section */
		D038F83224A7D74F00AC85D3 /* Frameworks */ = {
			isa = PBXFrameworksBuildPhase;
			buildActionMask = 2147483647;
			files = (
				D038F84924A7DA1800AC85D3 /* Alamofire in Frameworks */,
			);
			runOnlyForDeploymentPostprocessing = 0;
		};
/* End PBXFrameworksBuildPhase section */

/* Begin PBXGroup section */
		D0212C9924A91FEA0040DC16 /* Reducers */ = {
			isa = PBXGroup;
			children = (
				D0212C9A24A920090040DC16 /* CarMapperReducer.swift */,
				D0A9925D24A98C9C00BBF830 /* CarsValidateImageReducer.swift */,
			);
			path = Reducers;
			sourceTree = "<group>";
		};
		D0212C9C24A922600040DC16 /* AppState */ = {
			isa = PBXGroup;
			children = (
				D0212C9D24A9227F0040DC16 /* AppState.swift */,
			);
			path = AppState;
			sourceTree = "<group>";
		};
		D0212C9F24A922ED0040DC16 /* Interactors */ = {
			isa = PBXGroup;
			children = (
				D0212CA024A9235B0040DC16 /* CarsInteractor.swift */,
			);
			path = Interactors;
			sourceTree = "<group>";
		};
		D0212CA224A923AD0040DC16 /* Workers */ = {
			isa = PBXGroup;
			children = (
				D0212CA324A923CE0040DC16 /* CarsWorker.swift */,
			);
			path = Workers;
			sourceTree = "<group>";
		};
		D0212CA524A926380040DC16 /* UI */ = {
			isa = PBXGroup;
			children = (
				D0212CA624A9264F0040DC16 /* CarsList */,
			);
			path = UI;
			sourceTree = "<group>";
		};
		D0212CA624A9264F0040DC16 /* CarsList */ = {
			isa = PBXGroup;
			children = (
				D0212CA724A926630040DC16 /* CarsListView.swift */,
				D0212CA924A927080040DC16 /* CarRowView.swift */,
			);
			path = CarsList;
			sourceTree = "<group>";
		};
		D0212CAB24A928C00040DC16 /* Helpers */ = {
			isa = PBXGroup;
			children = (
				D0212CAC24A929240040DC16 /* ImageLoader.swift */,
			);
			path = Helpers;
			sourceTree = "<group>";
		};
		D038F82C24A7D74F00AC85D3 = {
			isa = PBXGroup;
			children = (
				D038F83724A7D75000AC85D3 /* BigRecipes */,
				D038F83624A7D75000AC85D3 /* Products */,
			);
			sourceTree = "<group>";
		};
		D038F83624A7D75000AC85D3 /* Products */ = {
			isa = PBXGroup;
			children = (
				D038F83524A7D75000AC85D3 /* BigRecipes.app */,
			);
			name = Products;
			sourceTree = "<group>";
		};
		D038F83724A7D75000AC85D3 /* BigRecipes */ = {
			isa = PBXGroup;
			children = (
				D038F83824A7D75000AC85D3 /* BigRecipesApp.swift */,
				D038F83A24A7D75000AC85D3 /* ContentView.swift */,
				D038F84A24A7DA8500AC85D3 /* Models */,
				D038F84D24A7DEBF00AC85D3 /* Stores */,
				D038F85024A7E12B00AC85D3 /* Repositories */,
				D0212C9924A91FEA0040DC16 /* Reducers */,
				D0212C9C24A922600040DC16 /* AppState */,
				D0212C9F24A922ED0040DC16 /* Interactors */,
				D0212CA224A923AD0040DC16 /* Workers */,
				D0212CA524A926380040DC16 /* UI */,
				D0212CAB24A928C00040DC16 /* Helpers */,
				D038F83C24A7D75100AC85D3 /* Assets.xcassets */,
				D038F84124A7D75100AC85D3 /* Info.plist */,
				D038F83E24A7D75100AC85D3 /* Preview Content */,
			);
			path = BigRecipes;
			sourceTree = "<group>";
		};
		D038F83E24A7D75100AC85D3 /* Preview Content */ = {
			isa = PBXGroup;
			children = (
				D038F83F24A7D75100AC85D3 /* Preview Assets.xcassets */,
			);
			path = "Preview Content";
			sourceTree = "<group>";
		};
		D038F84A24A7DA8500AC85D3 /* Models */ = {
			isa = PBXGroup;
			children = (
				D0212C9324A91DC80040DC16 /* Car.swift */,
			);
			path = Models;
			sourceTree = "<group>";
		};
		D038F84D24A7DEBF00AC85D3 /* Stores */ = {
			isa = PBXGroup;
			children = (
				D0212C9524A91E380040DC16 /* CarStore.swift */,
			);
			path = Stores;
			sourceTree = "<group>";
		};
		D038F85024A7E12B00AC85D3 /* Repositories */ = {
			isa = PBXGroup;
			children = (
				D0212C9724A91ECD0040DC16 /* CarsAPIRepository.swift */,
			);
			path = Repositories;
			sourceTree = "<group>";
		};
/* End PBXGroup section */

/* Begin PBXNativeTarget section */
		D038F83424A7D74F00AC85D3 /* BigRecipes */ = {
			isa = PBXNativeTarget;
			buildConfigurationList = D038F84424A7D75100AC85D3 /* Build configuration list for PBXNativeTarget "BigRecipes" */;
			buildPhases = (
				D038F83124A7D74F00AC85D3 /* Sources */,
				D038F83224A7D74F00AC85D3 /* Frameworks */,
				D038F83324A7D74F00AC85D3 /* Resources */,
			);
			buildRules = (
			);
			dependencies = (
			);
			name = BigRecipes;
			packageProductDependencies = (
				D038F84824A7DA1800AC85D3 /* Alamofire */,
			);
			productName = BigRecipes;
			productReference = D038F83524A7D75000AC85D3 /* BigRecipes.app */;
			productType = "com.apple.product-type.application";
		};
/* End PBXNativeTarget section */

/* Begin PBXProject section */
		D038F82D24A7D74F00AC85D3 /* Project object */ = {
			isa = PBXProject;
			attributes = {
				LastSwiftUpdateCheck = 1200;
				LastUpgradeCheck = 1200;
				TargetAttributes = {
					D038F83424A7D74F00AC85D3 = {
						CreatedOnToolsVersion = 12.0;
					};
				};
			};
			buildConfigurationList = D038F83024A7D74F00AC85D3 /* Build configuration list for PBXProject "BigRecipes" */;
			compatibilityVersion = "Xcode 9.3";
			developmentRegion = en;
			hasScannedForEncodings = 0;
			knownRegions = (
				en,
				Base,
			);
			mainGroup = D038F82C24A7D74F00AC85D3;
			packageReferences = (
				D038F84724A7DA1800AC85D3 /* XCRemoteSwiftPackageReference "Alamofire" */,
			);
			productRefGroup = D038F83624A7D75000AC85D3 /* Products */;
			projectDirPath = "";
			projectRoot = "";
			targets = (
				D038F83424A7D74F00AC85D3 /* BigRecipes */,
			);
		};
/* End PBXProject section */

/* Begin PBXResourcesBuildPhase section */
		D038F83324A7D74F00AC85D3 /* Resources */ = {
			isa = PBXResourcesBuildPhase;
			buildActionMask = 2147483647;
			files = (
				D038F84024A7D75100AC85D3 /* Preview Assets.xcassets in Resources */,
				D038F83D24A7D75100AC85D3 /* Assets.xcassets in Resources */,
			);
			runOnlyForDeploymentPostprocessing = 0;
		};
/* End PBXResourcesBuildPhase section */

/* Begin PBXSourcesBuildPhase section */
		D038F83124A7D74F00AC85D3 /* Sources */ = {
			isa = PBXSourcesBuildPhase;
			buildActionMask = 2147483647;
			files = (
				D038F83B24A7D75000AC85D3 /* ContentView.swift in Sources */,
				D0A9925E24A98C9C00BBF830 /* CarsValidateImageReducer.swift in Sources */,
				D0212CAA24A927080040DC16 /* CarRowView.swift in Sources */,
				D0212CAD24A929240040DC16 /* ImageLoader.swift in Sources */,
				D0212CA424A923CE0040DC16 /* CarsWorker.swift in Sources */,
				D0212C9B24A920090040DC16 /* CarMapperReducer.swift in Sources */,
				D0212CA824A926630040DC16 /* CarsListView.swift in Sources */,
				D0212CA124A9235B0040DC16 /* CarsInteractor.swift in Sources */,
				D0212C9E24A9227F0040DC16 /* AppState.swift in Sources */,
				D0212C9424A91DC80040DC16 /* Car.swift in Sources */,
				D0212C9824A91ECD0040DC16 /* CarsAPIRepository.swift in Sources */,
				D038F83924A7D75000AC85D3 /* BigRecipesApp.swift in Sources */,
				D0212C9624A91E380040DC16 /* CarStore.swift in Sources */,
			);
			runOnlyForDeploymentPostprocessing = 0;
		};
/* End PBXSourcesBuildPhase section */

/* Begin XCBuildConfiguration section */
		D038F84224A7D75100AC85D3 /* Debug */ = {
			isa = XCBuildConfiguration;
			buildSettings = {
				ALWAYS_SEARCH_USER_PATHS = NO;
				CLANG_ANALYZER_NONNULL = YES;
				CLANG_ANALYZER_NUMBER_OBJECT_CONVERSION = YES_AGGRESSIVE;
				CLANG_CXX_LANGUAGE_STANDARD = "gnu++14";
				CLANG_CXX_LIBRARY = "libc++";
				CLANG_ENABLE_MODULES = YES;
				CLANG_ENABLE_OBJC_ARC = YES;
				CLANG_ENABLE_OBJC_WEAK = YES;
				CLANG_WARN_BLOCK_CAPTURE_AUTORELEASING = YES;
				CLANG_WARN_BOOL_CONVERSION = YES;
				CLANG_WARN_COMMA = YES;
				CLANG_WARN_CONSTANT_CONVERSION = YES;
				CLANG_WARN_DEPRECATED_OBJC_IMPLEMENTATIONS = YES;
				CLANG_WARN_DIRECT_OBJC_ISA_USAGE = YES_ERROR;
				CLANG_WARN_DOCUMENTATION_COMMENTS = YES;
				CLANG_WARN_EMPTY_BODY = YES;
				CLANG_WARN_ENUM_CONVERSION = YES;
				CLANG_WARN_INFINITE_RECURSION = YES;
				CLANG_WARN_INT_CONVERSION = YES;
				CLANG_WARN_NON_LITERAL_NULL_CONVERSION = YES;
				CLANG_WARN_OBJC_IMPLICIT_RETAIN_SELF = YES;
				CLANG_WARN_OBJC_LITERAL_CONVERSION = YES;
				CLANG_WARN_OBJC_ROOT_CLASS = YES_ERROR;
				CLANG_WARN_QUOTED_INCLUDE_IN_FRAMEWORK_HEADER = YES;
				CLANG_WARN_RANGE_LOOP_ANALYSIS = YES;
				CLANG_WARN_STRICT_PROTOTYPES = YES;
				CLANG_WARN_SUSPICIOUS_MOVE = YES;
				CLANG_WARN_UNGUARDED_AVAILABILITY = YES_AGGRESSIVE;
				CLANG_WARN_UNREACHABLE_CODE = YES;
				CLANG_WARN__DUPLICATE_METHOD_MATCH = YES;
				COPY_PHASE_STRIP = NO;
				DEBUG_INFORMATION_FORMAT = dwarf;
				ENABLE_STRICT_OBJC_MSGSEND = YES;
				ENABLE_TESTABILITY = YES;
				GCC_C_LANGUAGE_STANDARD = gnu11;
				GCC_DYNAMIC_NO_PIC = NO;
				GCC_NO_COMMON_BLOCKS = YES;
				GCC_OPTIMIZATION_LEVEL = 0;
				GCC_PREPROCESSOR_DEFINITIONS = (
					"DEBUG=1",
					"$(inherited)",
				);
				GCC_WARN_64_TO_32_BIT_CONVERSION = YES;
				GCC_WARN_ABOUT_RETURN_TYPE = YES_ERROR;
				GCC_WARN_UNDECLARED_SELECTOR = YES;
				GCC_WARN_UNINITIALIZED_AUTOS = YES_AGGRESSIVE;
				GCC_WARN_UNUSED_FUNCTION = YES;
				GCC_WARN_UNUSED_VARIABLE = YES;
				IPHONEOS_DEPLOYMENT_TARGET = 14.0;
				MTL_ENABLE_DEBUG_INFO = INCLUDE_SOURCE;
				MTL_FAST_MATH = YES;
				ONLY_ACTIVE_ARCH = YES;
				SDKROOT = iphoneos;
				SWIFT_ACTIVE_COMPILATION_CONDITIONS = DEBUG;
				SWIFT_OPTIMIZATION_LEVEL = "-Onone";
			};
			name = Debug;
		};
		D038F84324A7D75100AC85D3 /* Release */ = {
			isa = XCBuildConfiguration;
			buildSettings = {
				ALWAYS_SEARCH_USER_PATHS = NO;
				CLANG_ANALYZER_NONNULL = YES;
				CLANG_ANALYZER_NUMBER_OBJECT_CONVERSION = YES_AGGRESSIVE;
				CLANG_CXX_LANGUAGE_STANDARD = "gnu++14";
				CLANG_CXX_LIBRARY = "libc++";
				CLANG_ENABLE_MODULES = YES;
				CLANG_ENABLE_OBJC_ARC = YES;
				CLANG_ENABLE_OBJC_WEAK = YES;
				CLANG_WARN_BLOCK_CAPTURE_AUTORELEASING = YES;
				CLANG_WARN_BOOL_CONVERSION = YES;
				CLANG_WARN_COMMA = YES;
				CLANG_WARN_CONSTANT_CONVERSION = YES;
				CLANG_WARN_DEPRECATED_OBJC_IMPLEMENTATIONS = YES;
				CLANG_WARN_DIRECT_OBJC_ISA_USAGE = YES_ERROR;
				CLANG_WARN_DOCUMENTATION_COMMENTS = YES;
				CLANG_WARN_EMPTY_BODY = YES;
				CLANG_WARN_ENUM_CONVERSION = YES;
				CLANG_WARN_INFINITE_RECURSION = YES;
				CLANG_WARN_INT_CONVERSION = YES;
				CLANG_WARN_NON_LITERAL_NULL_CONVERSION = YES;
				CLANG_WARN_OBJC_IMPLICIT_RETAIN_SELF = YES;
				CLANG_WARN_OBJC_LITERAL_CONVERSION = YES;
				CLANG_WARN_OBJC_ROOT_CLASS = YES_ERROR;
				CLANG_WARN_QUOTED_INCLUDE_IN_FRAMEWORK_HEADER = YES;
				CLANG_WARN_RANGE_LOOP_ANALYSIS = YES;
				CLANG_WARN_STRICT_PROTOTYPES = YES;
				CLANG_WARN_SUSPICIOUS_MOVE = YES;
				CLANG_WARN_UNGUARDED_AVAILABILITY = YES_AGGRESSIVE;
				CLANG_WARN_UNREACHABLE_CODE = YES;
				CLANG_WARN__DUPLICATE_METHOD_MATCH = YES;
				COPY_PHASE_STRIP = NO;
				DEBUG_INFORMATION_FORMAT = "dwarf-with-dsym";
				ENABLE_NS_ASSERTIONS = NO;
				ENABLE_STRICT_OBJC_MSGSEND = YES;
				GCC_C_LANGUAGE_STANDARD = gnu11;
				GCC_NO_COMMON_BLOCKS = YES;
				GCC_WARN_64_TO_32_BIT_CONVERSION = YES;
				GCC_WARN_ABOUT_RETURN_TYPE = YES_ERROR;
				GCC_WARN_UNDECLARED_SELECTOR = YES;
				GCC_WARN_UNINITIALIZED_AUTOS = YES_AGGRESSIVE;
				GCC_WARN_UNUSED_FUNCTION = YES;
				GCC_WARN_UNUSED_VARIABLE = YES;
				IPHONEOS_DEPLOYMENT_TARGET = 14.0;
				MTL_ENABLE_DEBUG_INFO = NO;
				MTL_FAST_MATH = YES;
				SDKROOT = iphoneos;
				SWIFT_COMPILATION_MODE = wholemodule;
				SWIFT_OPTIMIZATION_LEVEL = "-O";
				VALIDATE_PRODUCT = YES;
			};
			name = Release;
		};
		D038F84524A7D75100AC85D3 /* Debug */ = {
			isa = XCBuildConfiguration;
			buildSettings = {
				ASSETCATALOG_COMPILER_APPICON_NAME = AppIcon;
				ASSETCATALOG_COMPILER_GLOBAL_ACCENT_COLOR_NAME = AccentColor;
				CODE_SIGN_STYLE = Automatic;
				DEVELOPMENT_ASSET_PATHS = "\"BigRecipes/Preview Content\"";
				DEVELOPMENT_TEAM = ZLC9VRAR2N;
				ENABLE_PREVIEWS = YES;
				INFOPLIST_FILE = BigRecipes/Info.plist;
				IPHONEOS_DEPLOYMENT_TARGET = 14.0;
				LD_RUNPATH_SEARCH_PATHS = (
					"$(inherited)",
					"@executable_path/Frameworks",
				);
				PRODUCT_BUNDLE_IDENTIFIER = cl.aluco.BigRecipes;
				PRODUCT_NAME = "$(TARGET_NAME)";
				SWIFT_VERSION = 5.0;
				TARGETED_DEVICE_FAMILY = "1,2";
			};
			name = Debug;
		};
		D038F84624A7D75100AC85D3 /* Release */ = {
			isa = XCBuildConfiguration;
			buildSettings = {
				ASSETCATALOG_COMPILER_APPICON_NAME = AppIcon;
				ASSETCATALOG_COMPILER_GLOBAL_ACCENT_COLOR_NAME = AccentColor;
				CODE_SIGN_STYLE = Automatic;
				DEVELOPMENT_ASSET_PATHS = "\"BigRecipes/Preview Content\"";
				DEVELOPMENT_TEAM = ZLC9VRAR2N;
				ENABLE_PREVIEWS = YES;
				INFOPLIST_FILE = BigRecipes/Info.plist;
				IPHONEOS_DEPLOYMENT_TARGET = 14.0;
				LD_RUNPATH_SEARCH_PATHS = (
					"$(inherited)",
					"@executable_path/Frameworks",
				);
				PRODUCT_BUNDLE_IDENTIFIER = cl.aluco.BigRecipes;
				PRODUCT_NAME = "$(TARGET_NAME)";
				SWIFT_VERSION = 5.0;
				TARGETED_DEVICE_FAMILY = "1,2";
			};
			name = Release;
		};
/* End XCBuildConfiguration section */

/* Begin XCConfigurationList section */
		D038F83024A7D74F00AC85D3 /* Build configuration list for PBXProject "BigRecipes" */ = {
			isa = XCConfigurationList;
			buildConfigurations = (
				D038F84224A7D75100AC85D3 /* Debug */,
				D038F84324A7D75100AC85D3 /* Release */,
			);
			defaultConfigurationIsVisible = 0;
			defaultConfigurationName = Release;
		};
		D038F84424A7D75100AC85D3 /* Build configuration list for PBXNativeTarget "BigRecipes" */ = {
			isa = XCConfigurationList;
			buildConfigurations = (
				D038F84524A7D75100AC85D3 /* Debug */,
				D038F84624A7D75100AC85D3 /* Release */,
			);
			defaultConfigurationIsVisible = 0;
			defaultConfigurationName = Release;
		};
/* End XCConfigurationList section */

/* Begin XCRemoteSwiftPackageReference section */
		D038F84724A7DA1800AC85D3 /* XCRemoteSwiftPackageReference "Alamofire" */ = {
			isa = XCRemoteSwiftPackageReference;
			repositoryURL = "https://github.com/Alamofire/Alamofire.git";
			requirement = {
				kind = upToNextMajorVersion;
				minimumVersion = 5.2.1;
			};
		};
/* End XCRemoteSwiftPackageReference section */

/* Begin XCSwiftPackageProductDependency section */
		D038F84824A7DA1800AC85D3 /* Alamofire */ = {
			isa = XCSwiftPackageProductDependency;
			package = D038F84724A7DA1800AC85D3 /* XCRemoteSwiftPackageReference "Alamofire" */;
			productName = Alamofire;
		};
/* End XCSwiftPackageProductDependency section */
	};
	rootObject = D038F82D24A7D74F00AC85D3 /* Project object */;
}
